
Microsoft Visual Studio Solution File, Format Version 12.00
# Visual Studio Version 17
VisualStudioVersion = 17.10.35013.160
MinimumVisualStudioVersion = 10.0.40219.1
Project("{9A19103F-16F7-4668-BE54-9A1E7A4F7556}") = "Ecommerce.Web", "Ecommerce.Web\Ecommerce.Web.csproj", "{7F76DC45-7D7E-4A0E-82C1-9AB5A2A93DF9}"
EndProject
Project("{9A19103F-16F7-4668-BE54-9A1E7A4F7556}") = "Ecommerce.ProductService", "Ecommerce.ProductService\Ecommerce.ProductService.csproj", "{0711453A-DCA7-4007-8EF9-1A0958331173}"
EndProject
Project("{9A19103F-16F7-4668-BE54-9A1E7A4F7556}") = "Ecommerce.OrderService", "Ecommerce.OrderService\Ecommerce.OrderService.csproj", "{5851C00E-DFF8-4434-99BE-BB99597F1D87}"
EndProject
Project("{9A19103F-16F7-4668-BE54-9A1E7A4F7556}") = "Ecommerce.Model", "Ecommerce.Model\Ecommerce.Model.csproj", "{117B32B2-2408-4729-B59F-4C0B61DBE122}"
EndProject
Project("{9A19103F-16F7-4668-BE54-9A1E7A4F7556}") = "Ecommerce.AppHost", "Ecommerce.AppHost\Ecommerce.AppHost.csproj", "{8FEB7819-9C8A-4AFA-A849-97C93BD3078B}"
EndProject
Global
	GlobalSection(SolutionConfigurationPlatforms) = preSolution
		Debug|Any CPU = Debug|Any CPU
		Release|Any CPU = Release|Any CPU
	EndGlobalSection
	GlobalSection(ProjectConfigurationPlatforms) = postSolution
		{7F76DC45-7D7E-4A0E-82C1-9AB5A2A93DF9}.Debug|Any CPU.ActiveCfg = Debug|Any CPU
		{7F76DC45-7D7E-4A0E-82C1-9AB5A2A93DF9}.Debug|Any CPU.Build.0 = Debug|Any CPU
		{7F76DC45-7D7E-4A0E-82C1-9AB5A2A93DF9}.Release|Any CPU.ActiveCfg = Release|Any CPU
		{7F76DC45-7D7E-4A0E-82C1-9AB5A2A93DF9}.Release|Any CPU.Build.0 = Release|Any CPU
		{0711453A-DCA7-4007-8EF9-1A0958331173}.Debug|Any CPU.ActiveCfg = Debug|Any CPU
		{0711453A-DCA7-4007-8EF9-1A0958331173}.Debug|Any CPU.Build.0 = Debug|Any CPU
		{0711453A-DCA7-4007-8EF9-1A0958331173}.Release|Any CPU.ActiveCfg = Release|Any CPU
		{0711453A-DCA7-4007-8EF9-1A0958331173}.Release|Any CPU.Build.0 = Release|Any CPU
		{5851C00E-DFF8-4434-99BE-BB99597F1D87}.Debug|Any CPU.ActiveCfg = Debug|Any CPU
		{5851C00E-DFF8-4434-99BE-BB99597F1D87}.Debug|Any CPU.Build.0 = Debug|Any CPU
		{5851C00E-DFF8-4434-99BE-BB99597F1D87}.Release|Any CPU.ActiveCfg = Release|Any CPU
		{5851C00E-DFF8-4434-99BE-BB99597F1D87}.Release|Any CPU.Build.0 = Release|Any CPU
		{117B32B2-2408-4729-B59F-4C0B61DBE122}.Debug|Any CPU.ActiveCfg = Debug|Any CPU
		{117B32B2-2408-4729-B59F-4C0B61DBE122}.Debug|Any CPU.Build.0 = Debug|Any CPU
		{117B32B2-2408-4729-B59F-4C0B61DBE122}.Release|Any CPU.ActiveCfg = Release|Any CPU
		{117B32B2-2408-4729-B59F-4C0B61DBE122}.Release|Any CPU.Build.0 = Release|Any CPU
		{8FEB7819-9C8A-4AFA-A849-97C93BD3078B}.Debug|Any CPU.ActiveCfg = Debug|Any CPU
		{8FEB7819-9C8A-4AFA-A849-97C93BD3078B}.Debug|Any CPU.Build.0 = Debug|Any CPU
		{8FEB7819-9C8A-4AFA-A849-97C93BD3078B}.Release|Any CPU.ActiveCfg = Release|Any CPU
		{8FEB7819-9C8A-4AFA-A849-97C93BD3078B}.Release|Any CPU.Build.0 = Release|Any CPU
	EndGlobalSection
	GlobalSection(SolutionProperties) = preSolution
		HideSolutionNode = FALSE
	EndGlobalSection
	GlobalSection(ExtensibilityGlobals) = postSolution
		SolutionGuid = {36CC3D11-1EC5-419A-A914-447506870F9E}
	EndGlobalSection
EndGlobal
